
Microsoft Visual Studio Solution File, Format Version 12.00
Project("{F2A71F9B-5D33-465A-A702-920D77279786}") = "ProjectEuler", "ProjectEuler.fsproj", "{56736241-ECCD-40F9-AF46-327EB8DD085D}"
EndProject
Global
	GlobalSection(SolutionConfigurationPlatforms) = preSolution
		Debug|Any CPU = Debug|Any CPU
		Release|Any CPU = Release|Any CPU
	EndGlobalSection
	GlobalSection(ProjectConfigurationPlatforms) = postSolution
		{56736241-ECCD-40F9-AF46-327EB8DD085D}.Debug|Any CPU.ActiveCfg = Debug|Any CPU
		{56736241-ECCD-40F9-AF46-327EB8DD085D}.Debug|Any CPU.Build.0 = Debug|Any CPU
		{56736241-ECCD-40F9-AF46-327EB8DD085D}.Release|Any CPU.ActiveCfg = Release|Any CPU
		{56736241-ECCD-40F9-AF46-327EB8DD085D}.Release|Any CPU.Build.0 = Release|Any CPU
	EndGlobalSection
EndGlobal
